// !$*UTF8*$!
{
	archiveVersion = 1;
	classes = {
	};
	objectVersion = 46;
	objects = {

/* Begin PBXBuildFile section */
		B83A91D71AAAC46800119D6F /* 165810_01.jpg in Resources */ = {isa = PBXBuildFile; fileRef = B83A91D61AAAC46800119D6F /* 165810_01.jpg */; };
		B83A91E31AAAC55900119D6F /* btn057_01.png in Resources */ = {isa = PBXBuildFile; fileRef = B83A91D91AAAC55900119D6F /* btn057_01.png */; };
		B83A91E41AAAC55900119D6F /* btn057_02.png in Resources */ = {isa = PBXBuildFile; fileRef = B83A91DA1AAAC55900119D6F /* btn057_02.png */; };
		B83A91E51AAAC55900119D6F /* btn057_03.png in Resources */ = {isa = PBXBuildFile; fileRef = B83A91DB1AAAC55900119D6F /* btn057_03.png */; };
		B83A91E61AAAC55900119D6F /* btn057_04.png in Resources */ = {isa = PBXBuildFile; fileRef = B83A91DC1AAAC55900119D6F /* btn057_04.png */; };
		B83A91E71AAAC55900119D6F /* btn057_05.png in Resources */ = {isa = PBXBuildFile; fileRef = B83A91DD1AAAC55900119D6F /* btn057_05.png */; };
		B83A91E81AAAC55900119D6F /* btn057_06.png in Resources */ = {isa = PBXBuildFile; fileRef = B83A91DE1AAAC55900119D6F /* btn057_06.png */; };
		B83A91E91AAAC55900119D6F /* btn057_07.png in Resources */ = {isa = PBXBuildFile; fileRef = B83A91DF1AAAC55900119D6F /* btn057_07.png */; };
		B83A91EA1AAAC55900119D6F /* btn057_08.png in Resources */ = {isa = PBXBuildFile; fileRef = B83A91E01AAAC55900119D6F /* btn057_08.png */; };
		B83A91EB1AAAC55900119D6F /* btn057_09.png in Resources */ = {isa = PBXBuildFile; fileRef = B83A91E11AAAC55900119D6F /* btn057_09.png */; };
		B83A91EC1AAAC55900119D6F /* btn057_10.png in Resources */ = {isa = PBXBuildFile; fileRef = B83A91E21AAAC55900119D6F /* btn057_10.png */; };
		B85E15971AAC17AC00BAAD3C /* Main.storyboard in Resources */ = {isa = PBXBuildFile; fileRef = B85E15961AAC17AC00BAAD3C /* Main.storyboard */; };
		B870E5061AB064A6001B8345 /* new-app-イラストいけめん.png in Resources */ = {isa = PBXBuildFile; fileRef = B870E5011AB064A6001B8345 /* new-app-イラストいけめん.png */; };
		B870E5071AB064A6001B8345 /* new-app-イラストぐれる.png in Resources */ = {isa = PBXBuildFile; fileRef = B870E5021AB064A6001B8345 /* new-app-イラストぐれる.png */; };
		B870E5081AB064A6001B8345 /* new-app-イラストスポーツ.png in Resources */ = {isa = PBXBuildFile; fileRef = B870E5031AB064A6001B8345 /* new-app-イラストスポーツ.png */; };
		B870E5091AB064A6001B8345 /* new-app-イラストできすぎ.png in Resources */ = {isa = PBXBuildFile; fileRef = B870E5041AB064A6001B8345 /* new-app-イラストできすぎ.png */; };
		B870E50A1AB064A6001B8345 /* new-app-イラスト病気.png in Resources */ = {isa = PBXBuildFile; fileRef = B870E5051AB064A6001B8345 /* new-app-イラスト病気.png */; };
		B8B150101AB123D00051C0B3 /* 旅.png in Resources */ = {isa = PBXBuildFile; fileRef = B8B1500F1AB123D00051C0B3 /* 旅.png */; };
		B8D620171AAA910D0034E457 /* AppDelegate.swift in Sources */ = {isa = PBXBuildFile; fileRef = B8D620161AAA910D0034E457 /* AppDelegate.swift */; };
		B8D6201A1AAA910D0034E457 /* new_app.xcdatamodeld in Sources */ = {isa = PBXBuildFile; fileRef = B8D620181AAA910D0034E457 /* new_app.xcdatamodeld */; };
		B8D6201C1AAA910D0034E457 /* ViewController.swift in Sources */ = {isa = PBXBuildFile; fileRef = B8D6201B1AAA910D0034E457 /* ViewController.swift */; };
		B8D620211AAA910D0034E457 /* Images.xcassets in Resources */ = {isa = PBXBuildFile; fileRef = B8D620201AAA910D0034E457 /* Images.xcassets */; };
		B8D620241AAA910D0034E457 /* LaunchScreen.xib in Resources */ = {isa = PBXBuildFile; fileRef = B8D620221AAA910D0034E457 /* LaunchScreen.xib */; };
		B8D620301AAA910D0034E457 /* new_appTests.swift in Sources */ = {isa = PBXBuildFile; fileRef = B8D6202F1AAA910D0034E457 /* new_appTests.swift */; };
		B8D6203E1AAA9A290034E457 /* room_kodomobeya.png in Resources */ = {isa = PBXBuildFile; fileRef = B8D6203D1AAA9A290034E457 /* room_kodomobeya.png */; };
		B8D620401AAA9ABD0034E457 /* l_03.gif in Resources */ = {isa = PBXBuildFile; fileRef = B8D6203F1AAA9ABD0034E457 /* l_03.gif */; };
/* End PBXBuildFile section */

/* Begin PBXContainerItemProxy section */
		B8D6202A1AAA910D0034E457 /* PBXContainerItemProxy */ = {
			isa = PBXContainerItemProxy;
			containerPortal = B8D620091AAA910D0034E457 /* Project object */;
			proxyType = 1;
			remoteGlobalIDString = B8D620101AAA910D0034E457;
			remoteInfo = "new app";
		};
/* End PBXContainerItemProxy section */

/* Begin PBXFileReference section */
		B83A91D61AAAC46800119D6F /* 165810_01.jpg */ = {isa = PBXFileReference; lastKnownFileType = image.jpeg; path = 165810_01.jpg; sourceTree = "<group>"; };
		B83A91D91AAAC55900119D6F /* btn057_01.png */ = {isa = PBXFileReference; lastKnownFileType = image.png; path = btn057_01.png; sourceTree = "<group>"; };
		B83A91DA1AAAC55900119D6F /* btn057_02.png */ = {isa = PBXFileReference; lastKnownFileType = image.png; path = btn057_02.png; sourceTree = "<group>"; };
		B83A91DB1AAAC55900119D6F /* btn057_03.png */ = {isa = PBXFileReference; lastKnownFileType = image.png; path = btn057_03.png; sourceTree = "<group>"; };
		B83A91DC1AAAC55900119D6F /* btn057_04.png */ = {isa = PBXFileReference; lastKnownFileType = image.png; path = btn057_04.png; sourceTree = "<group>"; };
		B83A91DD1AAAC55900119D6F /* btn057_05.png */ = {isa = PBXFileReference; lastKnownFileType = image.png; path = btn057_05.png; sourceTree = "<group>"; };
		B83A91DE1AAAC55900119D6F /* btn057_06.png */ = {isa = PBXFileReference; lastKnownFileType = image.png; path = btn057_06.png; sourceTree = "<group>"; };
		B83A91DF1AAAC55900119D6F /* btn057_07.png */ = {isa = PBXFileReference; lastKnownFileType = image.png; path = btn057_07.png; sourceTree = "<group>"; };
		B83A91E01AAAC55900119D6F /* btn057_08.png */ = {isa = PBXFileReference; lastKnownFileType = image.png; path = btn057_08.png; sourceTree = "<group>"; };
		B83A91E11AAAC55900119D6F /* btn057_09.png */ = {isa = PBXFileReference; lastKnownFileType = image.png; path = btn057_09.png; sourceTree = "<group>"; };
		B83A91E21AAAC55900119D6F /* btn057_10.png */ = {isa = PBXFileReference; lastKnownFileType = image.png; path = btn057_10.png; sourceTree = "<group>"; };
		B85E15961AAC17AC00BAAD3C /* Main.storyboard */ = {isa = PBXFileReference; fileEncoding = 4; lastKnownFileType = file.storyboard; path = Main.storyboard; sourceTree = "<group>"; };
		B870E5011AB064A6001B8345 /* new-app-イラストいけめん.png */ = {isa = PBXFileReference; lastKnownFileType = image.png; path = "new-app-イラストいけめん.png"; sourceTree = "<group>"; };
		B870E5021AB064A6001B8345 /* new-app-イラストぐれる.png */ = {isa = PBXFileReference; lastKnownFileType = image.png; path = "new-app-イラストぐれる.png"; sourceTree = "<group>"; };
		B870E5031AB064A6001B8345 /* new-app-イラストスポーツ.png */ = {isa = PBXFileReference; lastKnownFileType = image.png; path = "new-app-イラストスポーツ.png"; sourceTree = "<group>"; };
		B870E5041AB064A6001B8345 /* new-app-イラストできすぎ.png */ = {isa = PBXFileReference; lastKnownFileType = image.png; path = "new-app-イラストできすぎ.png"; sourceTree = "<group>"; };
		B870E5051AB064A6001B8345 /* new-app-イラスト病気.png */ = {isa = PBXFileReference; lastKnownFileType = image.png; path = "new-app-イラスト病気.png"; sourceTree = "<group>"; };
		B8B1500F1AB123D00051C0B3 /* 旅.png */ = {isa = PBXFileReference; lastKnownFileType = image.png; path = "旅.png"; sourceTree = "<group>"; };
		B8D620111AAA910D0034E457 /* new app.app */ = {isa = PBXFileReference; explicitFileType = wrapper.application; includeInIndex = 0; path = "new app.app"; sourceTree = BUILT_PRODUCTS_DIR; };
		B8D620151AAA910D0034E457 /* Info.plist */ = {isa = PBXFileReference; lastKnownFileType = text.plist.xml; path = Info.plist; sourceTree = "<group>"; };
		B8D620161AAA910D0034E457 /* AppDelegate.swift */ = {isa = PBXFileReference; lastKnownFileType = sourcecode.swift; path = AppDelegate.swift; sourceTree = "<group>"; };
		B8D620191AAA910D0034E457 /* new_app.xcdatamodel */ = {isa = PBXFileReference; lastKnownFileType = wrapper.xcdatamodel; path = new_app.xcdatamodel; sourceTree = "<group>"; };
		B8D6201B1AAA910D0034E457 /* ViewController.swift */ = {isa = PBXFileReference; lastKnownFileType = sourcecode.swift; path = ViewController.swift; sourceTree = "<group>"; };
		B8D620201AAA910D0034E457 /* Images.xcassets */ = {isa = PBXFileReference; lastKnownFileType = folder.assetcatalog; path = Images.xcassets; sourceTree = "<group>"; };
		B8D620231AAA910D0034E457 /* Base */ = {isa = PBXFileReference; lastKnownFileType = file.xib; name = Base; path = Base.lproj/LaunchScreen.xib; sourceTree = "<group>"; };
		B8D620291AAA910D0034E457 /* new appTests.xctest */ = {isa = PBXFileReference; explicitFileType = wrapper.cfbundle; includeInIndex = 0; path = "new appTests.xctest"; sourceTree = BUILT_PRODUCTS_DIR; };
		B8D6202E1AAA910D0034E457 /* Info.plist */ = {isa = PBXFileReference; lastKnownFileType = text.plist.xml; path = Info.plist; sourceTree = "<group>"; };
		B8D6202F1AAA910D0034E457 /* new_appTests.swift */ = {isa = PBXFileReference; lastKnownFileType = sourcecode.swift; path = new_appTests.swift; sourceTree = "<group>"; };
		B8D6203D1AAA9A290034E457 /* room_kodomobeya.png */ = {isa = PBXFileReference; lastKnownFileType = image.png; path = room_kodomobeya.png; sourceTree = "<group>"; };
		B8D6203F1AAA9ABD0034E457 /* l_03.gif */ = {isa = PBXFileReference; lastKnownFileType = image.gif; path = l_03.gif; sourceTree = "<group>"; };
/* End PBXFileReference section */

/* Begin PBXFrameworksBuildPhase section */
		B8D6200E1AAA910D0034E457 /* Frameworks */ = {
			isa = PBXFrameworksBuildPhase;
			buildActionMask = 2147483647;
			files = (
			);
			runOnlyForDeploymentPostprocessing = 0;
		};
		B8D620261AAA910D0034E457 /* Frameworks */ = {
			isa = PBXFrameworksBuildPhase;
			buildActionMask = 2147483647;
			files = (
			);
			runOnlyForDeploymentPostprocessing = 0;
		};
/* End PBXFrameworksBuildPhase section */

/* Begin PBXGroup section */
		B83A91D81AAAC55800119D6F /* btn057 */ = {
			isa = PBXGroup;
			children = (
				B83A91D91AAAC55900119D6F /* btn057_01.png */,
				B83A91DA1AAAC55900119D6F /* btn057_02.png */,
				B83A91DB1AAAC55900119D6F /* btn057_03.png */,
				B83A91DC1AAAC55900119D6F /* btn057_04.png */,
				B83A91DD1AAAC55900119D6F /* btn057_05.png */,
				B83A91DE1AAAC55900119D6F /* btn057_06.png */,
				B83A91DF1AAAC55900119D6F /* btn057_07.png */,
				B83A91E01AAAC55900119D6F /* btn057_08.png */,
				B83A91E11AAAC55900119D6F /* btn057_09.png */,
				B83A91E21AAAC55900119D6F /* btn057_10.png */,
			);
			path = btn057;
			sourceTree = "<group>";
		};
		B8D620081AAA910D0034E457 = {
			isa = PBXGroup;
			children = (
				B8D620131AAA910D0034E457 /* new app */,
				B8D6202C1AAA910D0034E457 /* new appTests */,
				B8D620121AAA910D0034E457 /* Products */,
			);
			sourceTree = "<group>";
		};
		B8D620121AAA910D0034E457 /* Products */ = {
			isa = PBXGroup;
			children = (
				B8D620111AAA910D0034E457 /* new app.app */,
				B8D620291AAA910D0034E457 /* new appTests.xctest */,
			);
			name = Products;
			sourceTree = "<group>";
		};
		B8D620131AAA910D0034E457 /* new app */ = {
			isa = PBXGroup;
			children = (
				B8B1500F1AB123D00051C0B3 /* 旅.png */,
				B870E5011AB064A6001B8345 /* new-app-イラストいけめん.png */,
				B870E5021AB064A6001B8345 /* new-app-イラストぐれる.png */,
				B870E5031AB064A6001B8345 /* new-app-イラストスポーツ.png */,
				B870E5041AB064A6001B8345 /* new-app-イラストできすぎ.png */,
				B870E5051AB064A6001B8345 /* new-app-イラスト病気.png */,
				B83A91D81AAAC55800119D6F /* btn057 */,
				B83A91D61AAAC46800119D6F /* 165810_01.jpg */,
				B8D6203F1AAA9ABD0034E457 /* l_03.gif */,
				B8D6203D1AAA9A290034E457 /* room_kodomobeya.png */,
				B8D620161AAA910D0034E457 /* AppDelegate.swift */,
				B8D6201B1AAA910D0034E457 /* ViewController.swift */,
				B85E15961AAC17AC00BAAD3C /* Main.storyboard */,
				B8D620201AAA910D0034E457 /* Images.xcassets */,
				B8D620221AAA910D0034E457 /* LaunchScreen.xib */,
				B8D620181AAA910D0034E457 /* new_app.xcdatamodeld */,
				B8D620141AAA910D0034E457 /* Supporting Files */,
			);
			path = "new app";
			sourceTree = "<group>";
		};
		B8D620141AAA910D0034E457 /* Supporting Files */ = {
			isa = PBXGroup;
			children = (
				B8D620151AAA910D0034E457 /* Info.plist */,
			);
			name = "Supporting Files";
			sourceTree = "<group>";
		};
		B8D6202C1AAA910D0034E457 /* new appTests */ = {
			isa = PBXGroup;
			children = (
				B8D6202F1AAA910D0034E457 /* new_appTests.swift */,
				B8D6202D1AAA910D0034E457 /* Supporting Files */,
			);
			path = "new appTests";
			sourceTree = "<group>";
		};
		B8D6202D1AAA910D0034E457 /* Supporting Files */ = {
			isa = PBXGroup;
			children = (
				B8D6202E1AAA910D0034E457 /* Info.plist */,
			);
			name = "Supporting Files";
			sourceTree = "<group>";
		};
/* End PBXGroup section */

/* Begin PBXNativeTarget section */
		B8D620101AAA910D0034E457 /* new app */ = {
			isa = PBXNativeTarget;
			buildConfigurationList = B8D620331AAA910D0034E457 /* Build configuration list for PBXNativeTarget "new app" */;
			buildPhases = (
				B8D6200D1AAA910D0034E457 /* Sources */,
				B8D6200E1AAA910D0034E457 /* Frameworks */,
				B8D6200F1AAA910D0034E457 /* Resources */,
			);
			buildRules = (
			);
			dependencies = (
			);
			name = "new app";
			productName = "new app";
			productReference = B8D620111AAA910D0034E457 /* new app.app */;
			productType = "com.apple.product-type.application";
		};
		B8D620281AAA910D0034E457 /* new appTests */ = {
			isa = PBXNativeTarget;
			buildConfigurationList = B8D620361AAA910D0034E457 /* Build configuration list for PBXNativeTarget "new appTests" */;
			buildPhases = (
				B8D620251AAA910D0034E457 /* Sources */,
				B8D620261AAA910D0034E457 /* Frameworks */,
				B8D620271AAA910D0034E457 /* Resources */,
			);
			buildRules = (
			);
			dependencies = (
				B8D6202B1AAA910D0034E457 /* PBXTargetDependency */,
			);
			name = "new appTests";
			productName = "new appTests";
			productReference = B8D620291AAA910D0034E457 /* new appTests.xctest */;
			productType = "com.apple.product-type.bundle.unit-test";
		};
/* End PBXNativeTarget section */

/* Begin PBXProject section */
		B8D620091AAA910D0034E457 /* Project object */ = {
			isa = PBXProject;
			attributes = {
				LastUpgradeCheck = 0610;
				ORGANIZATIONNAME = LifeisTech;
				TargetAttributes = {
					B8D620101AAA910D0034E457 = {
						CreatedOnToolsVersion = 6.1.1;
					};
					B8D620281AAA910D0034E457 = {
						CreatedOnToolsVersion = 6.1.1;
						TestTargetID = B8D620101AAA910D0034E457;
					};
				};
			};
			buildConfigurationList = B8D6200C1AAA910D0034E457 /* Build configuration list for PBXProject "new app" */;
			compatibilityVersion = "Xcode 3.2";
			developmentRegion = English;
			hasScannedForEncodings = 0;
			knownRegions = (
				en,
				Base,
			);
			mainGroup = B8D620081AAA910D0034E457;
			productRefGroup = B8D620121AAA910D0034E457 /* Products */;
			projectDirPath = "";
			projectRoot = "";
			targets = (
				B8D620101AAA910D0034E457 /* new app */,
				B8D620281AAA910D0034E457 /* new appTests */,
			);
		};
/* End PBXProject section */

/* Begin PBXResourcesBuildPhase section */
		B8D6200F1AAA910D0034E457 /* Resources */ = {
			isa = PBXResourcesBuildPhase;
			buildActionMask = 2147483647;
			files = (
				B83A91E31AAAC55900119D6F /* btn057_01.png in Resources */,
				B870E5071AB064A6001B8345 /* new-app-イラストぐれる.png in Resources */,
				B83A91E81AAAC55900119D6F /* btn057_06.png in Resources */,
				B83A91EA1AAAC55900119D6F /* btn057_08.png in Resources */,
				B83A91D71AAAC46800119D6F /* 165810_01.jpg in Resources */,
				B83A91E51AAAC55900119D6F /* btn057_03.png in Resources */,
				B83A91E91AAAC55900119D6F /* btn057_07.png in Resources */,
				B8D6203E1AAA9A290034E457 /* room_kodomobeya.png in Resources */,
				B870E5061AB064A6001B8345 /* new-app-イラストいけめん.png in Resources */,
				B83A91EB1AAAC55900119D6F /* btn057_09.png in Resources */,
				B83A91E41AAAC55900119D6F /* btn057_02.png in Resources */,
				B8B150101AB123D00051C0B3 /* 旅.png in Resources */,
				B8D620241AAA910D0034E457 /* LaunchScreen.xib in Resources */,
				B83A91EC1AAAC55900119D6F /* btn057_10.png in Resources */,
				B85E15971AAC17AC00BAAD3C /* Main.storyboard in Resources */,
				B83A91E71AAAC55900119D6F /* btn057_05.png in Resources */,
				B870E50A1AB064A6001B8345 /* new-app-イラスト病気.png in Resources */,
				B870E5091AB064A6001B8345 /* new-app-イラストできすぎ.png in Resources */,
				B83A91E61AAAC55900119D6F /* btn057_04.png in Resources */,
				B8D620401AAA9ABD0034E457 /* l_03.gif in Resources */,
				B8D620211AAA910D0034E457 /* Images.xcassets in Resources */,
				B870E5081AB064A6001B8345 /* new-app-イラストスポーツ.png in Resources */,
			);
			runOnlyForDeploymentPostprocessing = 0;
		};
		B8D620271AAA910D0034E457 /* Resources */ = {
			isa = PBXResourcesBuildPhase;
			buildActionMask = 2147483647;
			files = (
			);
			runOnlyForDeploymentPostprocessing = 0;
		};
/* End PBXResourcesBuildPhase section */

/* Begin PBXSourcesBuildPhase section */
		B8D6200D1AAA910D0034E457 /* Sources */ = {
			isa = PBXSourcesBuildPhase;
			buildActionMask = 2147483647;
			files = (
				B8D6201C1AAA910D0034E457 /* ViewController.swift in Sources */,
				B8D6201A1AAA910D0034E457 /* new_app.xcdatamodeld in Sources */,
				B8D620171AAA910D0034E457 /* AppDelegate.swift in Sources */,
			);
			runOnlyForDeploymentPostprocessing = 0;
		};
		B8D620251AAA910D0034E457 /* Sources */ = {
			isa = PBXSourcesBuildPhase;
			buildActionMask = 2147483647;
			files = (
				B8D620301AAA910D0034E457 /* new_appTests.swift in Sources */,
			);
			runOnlyForDeploymentPostprocessing = 0;
		};
/* End PBXSourcesBuildPhase section */

/* Begin PBXTargetDependency section */
		B8D6202B1AAA910D0034E457 /* PBXTargetDependency */ = {
			isa = PBXTargetDependency;
			target = B8D620101AAA910D0034E457 /* new app */;
			targetProxy = B8D6202A1AAA910D0034E457 /* PBXContainerItemProxy */;
		};
/* End PBXTargetDependency section */

/* Begin PBXVariantGroup section */
		B8D620221AAA910D0034E457 /* LaunchScreen.xib */ = {
			isa = PBXVariantGroup;
			children = (
				B8D620231AAA910D0034E457 /* Base */,
			);
			name = LaunchScreen.xib;
			sourceTree = "<group>";
		};
/* End PBXVariantGroup section */

/* Begin XCBuildConfiguration section */
		B8D620311AAA910D0034E457 /* Debug */ = {
			isa = XCBuildConfiguration;
			buildSettings = {
				ALWAYS_SEARCH_USER_PATHS = NO;
				CLANG_CXX_LANGUAGE_STANDARD = "gnu++0x";
				CLANG_CXX_LIBRARY = "libc++";
				CLANG_ENABLE_MODULES = YES;
				CLANG_ENABLE_OBJC_ARC = YES;
				CLANG_WARN_BOOL_CONVERSION = YES;
				CLANG_WARN_CONSTANT_CONVERSION = YES;
				CLANG_WARN_DIRECT_OBJC_ISA_USAGE = YES_ERROR;
				CLANG_WARN_EMPTY_BODY = YES;
				CLANG_WARN_ENUM_CONVERSION = YES;
				CLANG_WARN_INT_CONVERSION = YES;
				CLANG_WARN_OBJC_ROOT_CLASS = YES_ERROR;
				CLANG_WARN_UNREACHABLE_CODE = YES;
				CLANG_WARN__DUPLICATE_METHOD_MATCH = YES;
				"CODE_SIGN_IDENTITY[sdk=iphoneos*]" = "iPhone Developer";
				COPY_PHASE_STRIP = NO;
				ENABLE_STRICT_OBJC_MSGSEND = YES;
				GCC_C_LANGUAGE_STANDARD = gnu99;
				GCC_DYNAMIC_NO_PIC = NO;
				GCC_OPTIMIZATION_LEVEL = 0;
				GCC_PREPROCESSOR_DEFINITIONS = (
					"DEBUG=1",
					"$(inherited)",
				);
				GCC_SYMBOLS_PRIVATE_EXTERN = NO;
				GCC_WARN_64_TO_32_BIT_CONVERSION = YES;
				GCC_WARN_ABOUT_RETURN_TYPE = YES_ERROR;
				GCC_WARN_UNDECLARED_SELECTOR = YES;
				GCC_WARN_UNINITIALIZED_AUTOS = YES_AGGRESSIVE;
				GCC_WARN_UNUSED_FUNCTION = YES;
				GCC_WARN_UNUSED_VARIABLE = YES;
				IPHONEOS_DEPLOYMENT_TARGET = 8.1;
				MTL_ENABLE_DEBUG_INFO = YES;
				ONLY_ACTIVE_ARCH = YES;
				SDKROOT = iphoneos;
				SWIFT_OPTIMIZATION_LEVEL = "-Onone";
			};
			name = Debug;
		};
		B8D620321AAA910D0034E457 /* Release */ = {
			isa = XCBuildConfiguration;
			buildSettings = {
				ALWAYS_SEARCH_USER_PATHS = NO;
				CLANG_CXX_LANGUAGE_STANDARD = "gnu++0x";
				CLANG_CXX_LIBRARY = "libc++";
				CLANG_ENABLE_MODULES = YES;
				CLANG_ENABLE_OBJC_ARC = YES;
				CLANG_WARN_BOOL_CONVERSION = YES;
				CLANG_WARN_CONSTANT_CONVERSION = YES;
				CLANG_WARN_DIRECT_OBJC_ISA_USAGE = YES_ERROR;
				CLANG_WARN_EMPTY_BODY = YES;
				CLANG_WARN_ENUM_CONVERSION = YES;
				CLANG_WARN_INT_CONVERSION = YES;
				CLANG_WARN_OBJC_ROOT_CLASS = YES_ERROR;
				CLANG_WARN_UNREACHABLE_CODE = YES;
				CLANG_WARN__DUPLICATE_METHOD_MATCH = YES;
				"CODE_SIGN_IDENTITY[sdk=iphoneos*]" = "iPhone Developer";
				COPY_PHASE_STRIP = YES;
				ENABLE_NS_ASSERTIONS = NO;
				ENABLE_STRICT_OBJC_MSGSEND = YES;
				GCC_C_LANGUAGE_STANDARD = gnu99;
				GCC_WARN_64_TO_32_BIT_CONVERSION = YES;
				GCC_WARN_ABOUT_RETURN_TYPE = YES_ERROR;
				GCC_WARN_UNDECLARED_SELECTOR = YES;
				GCC_WARN_UNINITIALIZED_AUTOS = YES_AGGRESSIVE;
				GCC_WARN_UNUSED_FUNCTION = YES;
				GCC_WARN_UNUSED_VARIABLE = YES;
				IPHONEOS_DEPLOYMENT_TARGET = 8.1;
				MTL_ENABLE_DEBUG_INFO = NO;
				SDKROOT = iphoneos;
				VALIDATE_PRODUCT = YES;
			};
			name = Release;
		};
		B8D620341AAA910D0034E457 /* Debug */ = {
			isa = XCBuildConfiguration;
			buildSettings = {
				ASSETCATALOG_COMPILER_APPICON_NAME = AppIcon;
				INFOPLIST_FILE = "new app/Info.plist";
				LD_RUNPATH_SEARCH_PATHS = "$(inherited) @executable_path/Frameworks";
				PRODUCT_NAME = "$(TARGET_NAME)";
			};
			name = Debug;
		};
		B8D620351AAA910D0034E457 /* Release */ = {
			isa = XCBuildConfiguration;
			buildSettings = {
				ASSETCATALOG_COMPILER_APPICON_NAME = AppIcon;
				INFOPLIST_FILE = "new app/Info.plist";
				LD_RUNPATH_SEARCH_PATHS = "$(inherited) @executable_path/Frameworks";
				PRODUCT_NAME = "$(TARGET_NAME)";
			};
			name = Release;
		};
		B8D620371AAA910D0034E457 /* Debug */ = {
			isa = XCBuildConfiguration;
			buildSettings = {
				BUNDLE_LOADER = "$(TEST_HOST)";
				FRAMEWORK_SEARCH_PATHS = (
					"$(SDKROOT)/Developer/Library/Frameworks",
					"$(inherited)",
				);
				GCC_PREPROCESSOR_DEFINITIONS = (
					"DEBUG=1",
					"$(inherited)",
				);
				INFOPLIST_FILE = "new appTests/Info.plist";
				LD_RUNPATH_SEARCH_PATHS = "$(inherited) @executable_path/Frameworks @loader_path/Frameworks";
				PRODUCT_NAME = "$(TARGET_NAME)";
				TEST_HOST = "$(BUILT_PRODUCTS_DIR)/new app.app/new app";
			};
			name = Debug;
		};
		B8D620381AAA910D0034E457 /* Release */ = {
			isa = XCBuildConfiguration;
			buildSettings = {
				BUNDLE_LOADER = "$(TEST_HOST)";
				FRAMEWORK_SEARCH_PATHS = (
					"$(SDKROOT)/Developer/Library/Frameworks",
					"$(inherited)",
				);
				INFOPLIST_FILE = "new appTests/Info.plist";
				LD_RUNPATH_SEARCH_PATHS = "$(inherited) @executable_path/Frameworks @loader_path/Frameworks";
				PRODUCT_NAME = "$(TARGET_NAME)";
				TEST_HOST = "$(BUILT_PRODUCTS_DIR)/new app.app/new app";
			};
			name = Release;
		};
/* End XCBuildConfiguration section */

/* Begin XCConfigurationList section */
		B8D6200C1AAA910D0034E457 /* Build configuration list for PBXProject "new app" */ = {
			isa = XCConfigurationList;
			buildConfigurations = (
				B8D620311AAA910D0034E457 /* Debug */,
				B8D620321AAA910D0034E457 /* Release */,
			);
			defaultConfigurationIsVisible = 0;
			defaultConfigurationName = Release;
		};
		B8D620331AAA910D0034E457 /* Build configuration list for PBXNativeTarget "new app" */ = {
			isa = XCConfigurationList;
			buildConfigurations = (
				B8D620341AAA910D0034E457 /* Debug */,
				B8D620351AAA910D0034E457 /* Release */,
			);
			defaultConfigurationIsVisible = 0;
			defaultConfigurationName = Release;
		};
		B8D620361AAA910D0034E457 /* Build configuration list for PBXNativeTarget "new appTests" */ = {
			isa = XCConfigurationList;
			buildConfigurations = (
				B8D620371AAA910D0034E457 /* Debug */,
				B8D620381AAA910D0034E457 /* Release */,
			);
			defaultConfigurationIsVisible = 0;
			defaultConfigurationName = Release;
		};
/* End XCConfigurationList section */

/* Begin XCVersionGroup section */
		B8D620181AAA910D0034E457 /* new_app.xcdatamodeld */ = {
			isa = XCVersionGroup;
			children = (
				B8D620191AAA910D0034E457 /* new_app.xcdatamodel */,
			);
			currentVersion = B8D620191AAA910D0034E457 /* new_app.xcdatamodel */;
			path = new_app.xcdatamodeld;
			sourceTree = "<group>";
			versionGroupType = wrapper.xcdatamodel;
		};
/* End XCVersionGroup section */
	};
	rootObject = B8D620091AAA910D0034E457 /* Project object */;
}
